
Microsoft Visual Studio Solution File, Format Version 12.00
# Visual Studio Version 17
VisualStudioVersion = 17.0.32014.148
MinimumVisualStudioVersion = 10.0.40219.1
Project("{FAE04EC0-301F-11D3-BF4B-00C04F79EFBC}") = "BetterBuildings", "BetterBuildings.csproj", "{98BE108E-5E6A-4B08-858C-92C188E71D4A}"
EndProject
Global
	GlobalSection(SolutionConfigurationPlatforms) = preSolution
		Debug|Any CPU = Debug|Any CPU
		Release|Any CPU = Release|Any CPU
	EndGlobalSection
	GlobalSection(ProjectConfigurationPlatforms) = postSolution
		{98BE108E-5E6A-4B08-858C-92C188E71D4A}.Debug|Any CPU.ActiveCfg = Debug|Any CPU
		{98BE108E-5E6A-4B08-858C-92C188E71D4A}.Debug|Any CPU.Build.0 = Debug|Any CPU
		{98BE108E-5E6A-4B08-858C-92C188E71D4A}.Release|Any CPU.ActiveCfg = Release|Any CPU
		{98BE108E-5E6A-4B08-858C-92C188E71D4A}.Release|Any CPU.Build.0 = Release|Any CPU
	EndGlobalSection
	GlobalSection(SolutionProperties) = preSolution
		HideSolutionNode = FALSE
	EndGlobalSection
	GlobalSection(ExtensibilityGlobals) = postSolution
		SolutionGuid = {E68E3BEB-F3A1-4BC4-83AC-37533BD04A2C}
	EndGlobalSection
EndGlobal
